
Microsoft Visual Studio Solution File, Format Version 12.00
Project("{FAE04EC0-301F-11D3-BF4B-00C04F79EFBC}") = "CachingDecorator", "CachingDecorator\CachingDecorator.csproj", "{E4BC4D35-1CDF-4D3C-A58B-4A1A156D2605}"
EndProject
Project("{2150E333-8FDC-42A3-9474-1A3956D46DE8}") = "Samples", "Samples", "{C07FD21E-C90F-4E43-B1F2-1F263A7B9FEF}"
EndProject
Project("{FAE04EC0-301F-11D3-BF4B-00C04F79EFBC}") = "CachingDecorator.Samples", "CachingDecorator.Samples\CachingDecorator.Samples.csproj", "{2F2E8B7A-A21F-4BAB-A9D4-0C0EB6842B62}"
EndProject
Global
	GlobalSection(SolutionConfigurationPlatforms) = preSolution
		Debug|Any CPU = Debug|Any CPU
		Release|Any CPU = Release|Any CPU
	EndGlobalSection
	GlobalSection(ProjectConfigurationPlatforms) = postSolution
		{E4BC4D35-1CDF-4D3C-A58B-4A1A156D2605}.Debug|Any CPU.ActiveCfg = Debug|Any CPU
		{E4BC4D35-1CDF-4D3C-A58B-4A1A156D2605}.Debug|Any CPU.Build.0 = Debug|Any CPU
		{E4BC4D35-1CDF-4D3C-A58B-4A1A156D2605}.Release|Any CPU.ActiveCfg = Release|Any CPU
		{E4BC4D35-1CDF-4D3C-A58B-4A1A156D2605}.Release|Any CPU.Build.0 = Release|Any CPU
		{2F2E8B7A-A21F-4BAB-A9D4-0C0EB6842B62}.Debug|Any CPU.ActiveCfg = Debug|Any CPU
		{2F2E8B7A-A21F-4BAB-A9D4-0C0EB6842B62}.Debug|Any CPU.Build.0 = Debug|Any CPU
		{2F2E8B7A-A21F-4BAB-A9D4-0C0EB6842B62}.Release|Any CPU.ActiveCfg = Release|Any CPU
		{2F2E8B7A-A21F-4BAB-A9D4-0C0EB6842B62}.Release|Any CPU.Build.0 = Release|Any CPU
	EndGlobalSection
	GlobalSection(NestedProjects) = preSolution
		{2F2E8B7A-A21F-4BAB-A9D4-0C0EB6842B62} = {C07FD21E-C90F-4E43-B1F2-1F263A7B9FEF}
	EndGlobalSection
EndGlobal
